
Microsoft Visual Studio Solution File, Format Version 12.00
# Visual Studio Version 16
VisualStudioVersion = 16.0.29709.97
MinimumVisualStudioVersion = 10.0.40219.1
Project("{FAE04EC0-301F-11D3-BF4B-00C04F79EFBC}") = "CommonFunctions", "CommonFunctions\CommonFunctions.csproj", "{A2835956-1B0E-4654-BD49-51FD62795943}"
EndProject
Project("{9A19103F-16F7-4668-BE54-9A1E7A4F7556}") = "IActiveObjectsClassLibrary", "IActiveObjectsClassLibrary\IActiveObjectsClassLibrary.csproj", "{EA81D24E-44F8-444A-AED3-48270F0AD412}"
EndProject
Project("{9A19103F-16F7-4668-BE54-9A1E7A4F7556}") = "Example", "ExampleApp\Example.csproj", "{AAC4C1A4-C848-45EA-8B0A-A0FFE9FBDF00}"
EndProject
Global
	GlobalSection(SolutionConfigurationPlatforms) = preSolution
		Debug|Any CPU = Debug|Any CPU
		Release|Any CPU = Release|Any CPU
	EndGlobalSection
	GlobalSection(ProjectConfigurationPlatforms) = postSolution
		{A2835956-1B0E-4654-BD49-51FD62795943}.Debug|Any CPU.ActiveCfg = Debug|Any CPU
		{A2835956-1B0E-4654-BD49-51FD62795943}.Debug|Any CPU.Build.0 = Debug|Any CPU
		{A2835956-1B0E-4654-BD49-51FD62795943}.Release|Any CPU.ActiveCfg = Release|Any CPU
		{A2835956-1B0E-4654-BD49-51FD62795943}.Release|Any CPU.Build.0 = Release|Any CPU
		{EA81D24E-44F8-444A-AED3-48270F0AD412}.Debug|Any CPU.ActiveCfg = Debug|Any CPU
		{EA81D24E-44F8-444A-AED3-48270F0AD412}.Debug|Any CPU.Build.0 = Debug|Any CPU
		{EA81D24E-44F8-444A-AED3-48270F0AD412}.Release|Any CPU.ActiveCfg = Release|Any CPU
		{EA81D24E-44F8-444A-AED3-48270F0AD412}.Release|Any CPU.Build.0 = Release|Any CPU
		{AAC4C1A4-C848-45EA-8B0A-A0FFE9FBDF00}.Debug|Any CPU.ActiveCfg = Debug|Any CPU
		{AAC4C1A4-C848-45EA-8B0A-A0FFE9FBDF00}.Debug|Any CPU.Build.0 = Debug|Any CPU
		{AAC4C1A4-C848-45EA-8B0A-A0FFE9FBDF00}.Release|Any CPU.ActiveCfg = Release|Any CPU
		{AAC4C1A4-C848-45EA-8B0A-A0FFE9FBDF00}.Release|Any CPU.Build.0 = Release|Any CPU
	EndGlobalSection
	GlobalSection(SolutionProperties) = preSolution
		HideSolutionNode = FALSE
	EndGlobalSection
	GlobalSection(ExtensibilityGlobals) = postSolution
		SolutionGuid = {FE3577E0-7B1F-4AC7-A073-751CBDC2BF92}
	EndGlobalSection
EndGlobal
